{
  "name": "PixelPotion",
  "lockfileVersion": 2,
  "requires": true,
  "packages": {
    "": {
      "dependencies": {
        "@types/sequelize": "^4.28.19"
      },
      "devDependencies": {
        "@types/node": "^20.10.5"
      }
    },
    "node_modules/@types/bluebird": {
      "version": "3.5.42",
      "resolved": "https://registry.npmjs.org/@types/bluebird/-/bluebird-3.5.42.tgz",
      "integrity": "sha512-Jhy+MWRlro6UjVi578V/4ZGNfeCOcNCp0YaFNIUGFKlImowqwb1O/22wDVk3FDGMLqxdpOV3qQHD5fPEH4hK6A=="
    },
    "node_modules/@types/continuation-local-storage": {
      "version": "3.2.7",
      "resolved": "https://registry.npmjs.org/@types/continuation-local-storage/-/continuation-local-storage-3.2.7.tgz",
      "integrity": "sha512-Q7dPOymVpRG5Zpz90/o26+OAqOG2Sw+FED7uQmTrJNCF/JAPTylclZofMxZKd6W7g1BDPmT9/C/jX0ZcSNTQwQ==",
      "dependencies": {
        "@types/node": "*"
      }
    },
    "node_modules/@types/lodash": {
      "version": "4.14.202",
      "resolved": "https://registry.npmjs.org/@types/lodash/-/lodash-4.14.202.tgz",
      "integrity": "sha512-OvlIYQK9tNneDlS0VN54LLd5uiPCBOp7gS5Z0f1mjoJYBrtStzgmJBxONW3U6OZqdtNzZPmn9BS/7WI7BFFcFQ=="
    },
    "node_modules/@types/node": {
      "version": "20.10.5",
      "resolved": "https://registry.npmjs.org/@types/node/-/node-20.10.5.tgz",
      "integrity": "sha512-nNPsNE65wjMxEKI93yOP+NPGGBJz/PoN3kZsVLee0XMiJolxSekEVD8wRwBUBqkwc7UWop0edW50yrCQW4CyRw==",
      "dependencies": {
        "undici-types": "~5.26.4"
      }
    },
    "node_modules/@types/sequelize": {
      "version": "4.28.19",
      "resolved": "https://registry.npmjs.org/@types/sequelize/-/sequelize-4.28.19.tgz",
      "integrity": "sha512-GTPL/0gRWyx44+w6HeJ1WHMWik3Bx+8njr7i2LVnRC24R+ocb4EOiJaVtrLEwu55llFRZ5hoYjyRUjrhvESrng==",
      "dependencies": {
        "@types/bluebird": "*",
        "@types/continuation-local-storage": "*",
        "@types/lodash": "*",
        "@types/validator": "*"
      }
    },
    "node_modules/@types/validator": {
      "version": "13.11.8",
      "resolved": "https://registry.npmjs.org/@types/validator/-/validator-13.11.8.tgz",
      "integrity": "sha512-c/hzNDBh7eRF+KbCf+OoZxKbnkpaK/cKp9iLQWqB7muXtM+MtL9SUUH8vCFcLn6dH1Qm05jiexK0ofWY7TfOhQ=="
    },
    "node_modules/undici-types": {
      "version": "5.26.5",
      "resolved": "https://registry.npmjs.org/undici-types/-/undici-types-5.26.5.tgz",
      "integrity": "sha512-JlCMO+ehdEIKqlFxk6IfVoAUVmgz7cU7zD/h9XZ0qzeosSHmUJVOzSQvvYSYWXkFXC+IfLKSIffhv0sVZup6pA=="
    }
  },
  "dependencies": {
    "@types/bluebird": {
      "version": "3.5.42",
      "resolved": "https://registry.npmjs.org/@types/bluebird/-/bluebird-3.5.42.tgz",
      "integrity": "sha512-Jhy+MWRlro6UjVi578V/4ZGNfeCOcNCp0YaFNIUGFKlImowqwb1O/22wDVk3FDGMLqxdpOV3qQHD5fPEH4hK6A=="
    },
    "@types/continuation-local-storage": {
      "version": "3.2.7",
      "resolved": "https://registry.npmjs.org/@types/continuation-local-storage/-/continuation-local-storage-3.2.7.tgz",
      "integrity": "sha512-Q7dPOymVpRG5Zpz90/o26+OAqOG2Sw+FED7uQmTrJNCF/JAPTylclZofMxZKd6W7g1BDPmT9/C/jX0ZcSNTQwQ==",
      "requires": {
        "@types/node": "*"
      }
    },
    "@types/lodash": {
      "version": "4.14.202",
      "resolved": "https://registry.npmjs.org/@types/lodash/-/lodash-4.14.202.tgz",
      "integrity": "sha512-OvlIYQK9tNneDlS0VN54LLd5uiPCBOp7gS5Z0f1mjoJYBrtStzgmJBxONW3U6OZqdtNzZPmn9BS/7WI7BFFcFQ=="
    },
    "@types/node": {
      "version": "20.10.5",
      "resolved": "https://registry.npmjs.org/@types/node/-/node-20.10.5.tgz",
      "integrity": "sha512-nNPsNE65wjMxEKI93yOP+NPGGBJz/PoN3kZsVLee0XMiJolxSekEVD8wRwBUBqkwc7UWop0edW50yrCQW4CyRw==",
      "requires": {
        "undici-types": "~5.26.4"
      }
    },
    "@types/sequelize": {
      "version": "4.28.19",
      "resolved": "https://registry.npmjs.org/@types/sequelize/-/sequelize-4.28.19.tgz",
      "integrity": "sha512-GTPL/0gRWyx44+w6HeJ1WHMWik3Bx+8njr7i2LVnRC24R+ocb4EOiJaVtrLEwu55llFRZ5hoYjyRUjrhvESrng==",
      "requires": {
        "@types/bluebird": "*",
        "@types/continuation-local-storage": "*",
        "@types/lodash": "*",
        "@types/validator": "*"
      }
    },
    "@types/validator": {
      "version": "13.11.8",
      "resolved": "https://registry.npmjs.org/@types/validator/-/validator-13.11.8.tgz",
      "integrity": "sha512-c/hzNDBh7eRF+KbCf+OoZxKbnkpaK/cKp9iLQWqB7muXtM+MtL9SUUH8vCFcLn6dH1Qm05jiexK0ofWY7TfOhQ=="
    },
    "undici-types": {
      "version": "5.26.5",
      "resolved": "https://registry.npmjs.org/undici-types/-/undici-types-5.26.5.tgz",
      "integrity": "sha512-JlCMO+ehdEIKqlFxk6IfVoAUVmgz7cU7zD/h9XZ0qzeosSHmUJVOzSQvvYSYWXkFXC+IfLKSIffhv0sVZup6pA=="
    }
  }
}
